// !$*UTF8*$!
{
	archiveVersion = 1;
	classes = {
	};
	objectVersion = 46;
	objects = {

/* Begin PBXBuildFile section */
		344C15E81C1B95C900B1CE95 /* first-chart.js in Resources */ = {isa = PBXBuildFile; fileRef = 344C15E71C1B95C900B1CE95 /* first-chart.js */; };
		345A3A0B1C18C60F00F58CAE /* main.m in Sources */ = {isa = PBXBuildFile; fileRef = 345A3A0A1C18C60F00F58CAE /* main.m */; };
		345A3A0E1C18C60F00F58CAE /* AppDelegate.m in Sources */ = {isa = PBXBuildFile; fileRef = 345A3A0D1C18C60F00F58CAE /* AppDelegate.m */; };
		345A3A111C18C60F00F58CAE /* ViewController.m in Sources */ = {isa = PBXBuildFile; fileRef = 345A3A101C18C60F00F58CAE /* ViewController.m */; };
		345A3A141C18C60F00F58CAE /* Main.storyboard in Resources */ = {isa = PBXBuildFile; fileRef = 345A3A121C18C60F00F58CAE /* Main.storyboard */; };
		345A3A161C18C60F00F58CAE /* Assets.xcassets in Resources */ = {isa = PBXBuildFile; fileRef = 345A3A151C18C60F00F58CAE /* Assets.xcassets */; };
		345A3A191C18C60F00F58CAE /* LaunchScreen.storyboard in Resources */ = {isa = PBXBuildFile; fileRef = 345A3A171C18C60F00F58CAE /* LaunchScreen.storyboard */; };
		34F331991C24BFCD00DDBA9E /* Highcharts.bundle in Resources */ = {isa = PBXBuildFile; fileRef = 34F331961C24BFCD00DDBA9E /* Highcharts.bundle */; };
		34F3319A1C24BFCD00DDBA9E /* HighchartsView.m in Sources */ = {isa = PBXBuildFile; fileRef = 34F331981C24BFCD00DDBA9E /* HighchartsView.m */; };
/* End PBXBuildFile section */

/* Begin PBXFileReference section */
		344C15E71C1B95C900B1CE95 /* first-chart.js */ = {isa = PBXFileReference; fileEncoding = 4; lastKnownFileType = sourcecode.javascript; path = "first-chart.js"; sourceTree = "<group>"; };
		345A3A061C18C60F00F58CAE /* ExampleCharts.app */ = {isa = PBXFileReference; explicitFileType = wrapper.application; includeInIndex = 0; path = ExampleCharts.app; sourceTree = BUILT_PRODUCTS_DIR; };
		345A3A0A1C18C60F00F58CAE /* main.m */ = {isa = PBXFileReference; lastKnownFileType = sourcecode.c.objc; path = main.m; sourceTree = "<group>"; };
		345A3A0C1C18C60F00F58CAE /* AppDelegate.h */ = {isa = PBXFileReference; lastKnownFileType = sourcecode.c.h; path = AppDelegate.h; sourceTree = "<group>"; };
		345A3A0D1C18C60F00F58CAE /* AppDelegate.m */ = {isa = PBXFileReference; lastKnownFileType = sourcecode.c.objc; path = AppDelegate.m; sourceTree = "<group>"; };
		345A3A0F1C18C60F00F58CAE /* ViewController.h */ = {isa = PBXFileReference; lastKnownFileType = sourcecode.c.h; path = ViewController.h; sourceTree = "<group>"; };
		345A3A101C18C60F00F58CAE /* ViewController.m */ = {isa = PBXFileReference; lastKnownFileType = sourcecode.c.objc; path = ViewController.m; sourceTree = "<group>"; };
		345A3A131C18C60F00F58CAE /* Base */ = {isa = PBXFileReference; lastKnownFileType = file.storyboard; name = Base; path = Base.lproj/Main.storyboard; sourceTree = "<group>"; };
		345A3A151C18C60F00F58CAE /* Assets.xcassets */ = {isa = PBXFileReference; lastKnownFileType = folder.assetcatalog; path = Assets.xcassets; sourceTree = "<group>"; };
		345A3A181C18C60F00F58CAE /* Base */ = {isa = PBXFileReference; lastKnownFileType = file.storyboard; name = Base; path = Base.lproj/LaunchScreen.storyboard; sourceTree = "<group>"; };
		345A3A1A1C18C60F00F58CAE /* Info.plist */ = {isa = PBXFileReference; lastKnownFileType = text.plist.xml; path = Info.plist; sourceTree = "<group>"; };
		34F331961C24BFCD00DDBA9E /* Highcharts.bundle */ = {isa = PBXFileReference; lastKnownFileType = "wrapper.plug-in"; path = Highcharts.bundle; sourceTree = "<group>"; };
		34F331971C24BFCD00DDBA9E /* HighchartsView.h */ = {isa = PBXFileReference; fileEncoding = 4; lastKnownFileType = sourcecode.c.h; path = HighchartsView.h; sourceTree = "<group>"; };
		34F331981C24BFCD00DDBA9E /* HighchartsView.m */ = {isa = PBXFileReference; fileEncoding = 4; lastKnownFileType = sourcecode.c.objc; path = HighchartsView.m; sourceTree = "<group>"; };
/* End PBXFileReference section */

/* Begin PBXFrameworksBuildPhase section */
		345A3A031C18C60F00F58CAE /* Frameworks */ = {
			isa = PBXFrameworksBuildPhase;
			buildActionMask = 2147483647;
			files = (
			);
			runOnlyForDeploymentPostprocessing = 0;
		};
/* End PBXFrameworksBuildPhase section */

/* Begin PBXGroup section */
		345A39FD1C18C60F00F58CAE = {
			isa = PBXGroup;
			children = (
				34F3319B1C24C4DB00DDBA9E /* Charts */,
				34F331951C24BFCD00DDBA9E /* Highcharts */,
				345A3A081C18C60F00F58CAE /* ExampleCharts */,
				345A3A071C18C60F00F58CAE /* Products */,
			);
			sourceTree = "<group>";
		};
		345A3A071C18C60F00F58CAE /* Products */ = {
			isa = PBXGroup;
			children = (
				345A3A061C18C60F00F58CAE /* ExampleCharts.app */,
			);
			name = Products;
			sourceTree = "<group>";
		};
		345A3A081C18C60F00F58CAE /* ExampleCharts */ = {
			isa = PBXGroup;
			children = (
				345A3A0C1C18C60F00F58CAE /* AppDelegate.h */,
				345A3A0D1C18C60F00F58CAE /* AppDelegate.m */,
				345A3A0F1C18C60F00F58CAE /* ViewController.h */,
				345A3A101C18C60F00F58CAE /* ViewController.m */,
				345A3A121C18C60F00F58CAE /* Main.storyboard */,
				345A3A151C18C60F00F58CAE /* Assets.xcassets */,
				345A3A171C18C60F00F58CAE /* LaunchScreen.storyboard */,
				345A3A1A1C18C60F00F58CAE /* Info.plist */,
				345A3A091C18C60F00F58CAE /* Supporting Files */,
			);
			path = ExampleCharts;
			sourceTree = "<group>";
		};
		345A3A091C18C60F00F58CAE /* Supporting Files */ = {
			isa = PBXGroup;
			children = (
				345A3A0A1C18C60F00F58CAE /* main.m */,
			);
			name = "Supporting Files";
			sourceTree = "<group>";
		};
		34F331951C24BFCD00DDBA9E /* Highcharts */ = {
			isa = PBXGroup;
			children = (
				34F331961C24BFCD00DDBA9E /* Highcharts.bundle */,
				34F331971C24BFCD00DDBA9E /* HighchartsView.h */,
				34F331981C24BFCD00DDBA9E /* HighchartsView.m */,
			);
			name = Highcharts;
			path = ../Highcharts;
			sourceTree = "<group>";
		};
		34F3319B1C24C4DB00DDBA9E /* Charts */ = {
			isa = PBXGroup;
			children = (
				344C15E71C1B95C900B1CE95 /* first-chart.js */,
			);
			path = Charts;
			sourceTree = "<group>";
		};
/* End PBXGroup section */

/* Begin PBXNativeTarget section */
		345A3A051C18C60F00F58CAE /* ExampleCharts */ = {
			isa = PBXNativeTarget;
			buildConfigurationList = 345A3A1D1C18C60F00F58CAE /* Build configuration list for PBXNativeTarget "ExampleCharts" */;
			buildPhases = (
				345A3A021C18C60F00F58CAE /* Sources */,
				345A3A031C18C60F00F58CAE /* Frameworks */,
				345A3A041C18C60F00F58CAE /* Resources */,
			);
			buildRules = (
			);
			dependencies = (
			);
			name = ExampleCharts;
			productName = ExampleCharts;
			productReference = 345A3A061C18C60F00F58CAE /* ExampleCharts.app */;
			productType = "com.apple.product-type.application";
		};
/* End PBXNativeTarget section */

/* Begin PBXProject section */
		345A39FE1C18C60F00F58CAE /* Project object */ = {
			isa = PBXProject;
			attributes = {
				LastUpgradeCheck = 0710;
				ORGANIZATIONNAME = "Highsoft AS";
				TargetAttributes = {
					345A3A051C18C60F00F58CAE = {
						CreatedOnToolsVersion = 7.1;
					};
				};
			};
			buildConfigurationList = 345A3A011C18C60F00F58CAE /* Build configuration list for PBXProject "ExampleCharts" */;
			compatibilityVersion = "Xcode 3.2";
			developmentRegion = English;
			hasScannedForEncodings = 0;
			knownRegions = (
				en,
				Base,
			);
			mainGroup = 345A39FD1C18C60F00F58CAE;
			productRefGroup = 345A3A071C18C60F00F58CAE /* Products */;
			projectDirPath = "";
			projectRoot = "";
			targets = (
				345A3A051C18C60F00F58CAE /* ExampleCharts */,
			);
		};
/* End PBXProject section */

/* Begin PBXResourcesBuildPhase section */
		345A3A041C18C60F00F58CAE /* Resources */ = {
			isa = PBXResourcesBuildPhase;
			buildActionMask = 2147483647;
			files = (
				344C15E81C1B95C900B1CE95 /* first-chart.js in Resources */,
				345A3A191C18C60F00F58CAE /* LaunchScreen.storyboard in Resources */,
				345A3A161C18C60F00F58CAE /* Assets.xcassets in Resources */,
				34F331991C24BFCD00DDBA9E /* Highcharts.bundle in Resources */,
				345A3A141C18C60F00F58CAE /* Main.storyboard in Resources */,
			);
			runOnlyForDeploymentPostprocessing = 0;
		};
/* End PBXResourcesBuildPhase section */

/* Begin PBXSourcesBuildPhase section */
		345A3A021C18C60F00F58CAE /* Sources */ = {
			isa = PBXSourcesBuildPhase;
			buildActionMask = 2147483647;
			files = (
				345A3A111C18C60F00F58CAE /* ViewController.m in Sources */,
				345A3A0E1C18C60F00F58CAE /* AppDelegate.m in Sources */,
				345A3A0B1C18C60F00F58CAE /* main.m in Sources */,
				34F3319A1C24BFCD00DDBA9E /* HighchartsView.m in Sources */,
			);
			runOnlyForDeploymentPostprocessing = 0;
		};
/* End PBXSourcesBuildPhase section */

/* Begin PBXVariantGroup section */
		345A3A121C18C60F00F58CAE /* Main.storyboard */ = {
			isa = PBXVariantGroup;
			children = (
				345A3A131C18C60F00F58CAE /* Base */,
			);
			name = Main.storyboard;
			sourceTree = "<group>";
		};
		345A3A171C18C60F00F58CAE /* LaunchScreen.storyboard */ = {
			isa = PBXVariantGroup;
			children = (
				345A3A181C18C60F00F58CAE /* Base */,
			);
			name = LaunchScreen.storyboard;
			sourceTree = "<group>";
		};
/* End PBXVariantGroup section */

/* Begin XCBuildConfiguration section */
		345A3A1B1C18C60F00F58CAE /* Debug */ = {
			isa = XCBuildConfiguration;
			buildSettings = {
				ALWAYS_SEARCH_USER_PATHS = NO;
				CLANG_CXX_LANGUAGE_STANDARD = "gnu++0x";
				CLANG_CXX_LIBRARY = "libc++";
				CLANG_ENABLE_MODULES = YES;
				CLANG_ENABLE_OBJC_ARC = YES;
				CLANG_WARN_BOOL_CONVERSION = YES;
				CLANG_WARN_CONSTANT_CONVERSION = YES;
				CLANG_WARN_DIRECT_OBJC_ISA_USAGE = YES_ERROR;
				CLANG_WARN_EMPTY_BODY = YES;
				CLANG_WARN_ENUM_CONVERSION = YES;
				CLANG_WARN_INT_CONVERSION = YES;
				CLANG_WARN_OBJC_ROOT_CLASS = YES_ERROR;
				CLANG_WARN_UNREACHABLE_CODE = YES;
				CLANG_WARN__DUPLICATE_METHOD_MATCH = YES;
				"CODE_SIGN_IDENTITY[sdk=iphoneos*]" = "iPhone Developer";
				COPY_PHASE_STRIP = NO;
				DEBUG_INFORMATION_FORMAT = dwarf;
				ENABLE_STRICT_OBJC_MSGSEND = YES;
				ENABLE_TESTABILITY = YES;
				GCC_C_LANGUAGE_STANDARD = gnu99;
				GCC_DYNAMIC_NO_PIC = NO;
				GCC_NO_COMMON_BLOCKS = YES;
				GCC_OPTIMIZATION_LEVEL = 0;
				GCC_PREPROCESSOR_DEFINITIONS = (
					"DEBUG=1",
					"$(inherited)",
				);
				GCC_WARN_64_TO_32_BIT_CONVERSION = YES;
				GCC_WARN_ABOUT_RETURN_TYPE = YES_ERROR;
				GCC_WARN_UNDECLARED_SELECTOR = YES;
				GCC_WARN_UNINITIALIZED_AUTOS = YES_AGGRESSIVE;
				GCC_WARN_UNUSED_FUNCTION = YES;
				GCC_WARN_UNUSED_VARIABLE = YES;
				IPHONEOS_DEPLOYMENT_TARGET = 9.1;
				MTL_ENABLE_DEBUG_INFO = YES;
				ONLY_ACTIVE_ARCH = YES;
				SDKROOT = iphoneos;
				TARGETED_DEVICE_FAMILY = "1,2";
			};
			name = Debug;
		};
		345A3A1C1C18C60F00F58CAE /* Release */ = {
			isa = XCBuildConfiguration;
			buildSettings = {
				ALWAYS_SEARCH_USER_PATHS = NO;
				CLANG_CXX_LANGUAGE_STANDARD = "gnu++0x";
				CLANG_CXX_LIBRARY = "libc++";
				CLANG_ENABLE_MODULES = YES;
				CLANG_ENABLE_OBJC_ARC = YES;
				CLANG_WARN_BOOL_CONVERSION = YES;
				CLANG_WARN_CONSTANT_CONVERSION = YES;
				CLANG_WARN_DIRECT_OBJC_ISA_USAGE = YES_ERROR;
				CLANG_WARN_EMPTY_BODY = YES;
				CLANG_WARN_ENUM_CONVERSION = YES;
				CLANG_WARN_INT_CONVERSION = YES;
				CLANG_WARN_OBJC_ROOT_CLASS = YES_ERROR;
				CLANG_WARN_UNREACHABLE_CODE = YES;
				CLANG_WARN__DUPLICATE_METHOD_MATCH = YES;
				"CODE_SIGN_IDENTITY[sdk=iphoneos*]" = "iPhone Developer";
				COPY_PHASE_STRIP = NO;
				DEBUG_INFORMATION_FORMAT = "dwarf-with-dsym";
				ENABLE_NS_ASSERTIONS = NO;
				ENABLE_STRICT_OBJC_MSGSEND = YES;
				GCC_C_LANGUAGE_STANDARD = gnu99;
				GCC_NO_COMMON_BLOCKS = YES;
				GCC_WARN_64_TO_32_BIT_CONVERSION = YES;
				GCC_WARN_ABOUT_RETURN_TYPE = YES_ERROR;
				GCC_WARN_UNDECLARED_SELECTOR = YES;
				GCC_WARN_UNINITIALIZED_AUTOS = YES_AGGRESSIVE;
				GCC_WARN_UNUSED_FUNCTION = YES;
				GCC_WARN_UNUSED_VARIABLE = YES;
				IPHONEOS_DEPLOYMENT_TARGET = 9.1;
				MTL_ENABLE_DEBUG_INFO = NO;
				SDKROOT = iphoneos;
				TARGETED_DEVICE_FAMILY = "1,2";
				VALIDATE_PRODUCT = YES;
			};
			name = Release;
		};
		345A3A1E1C18C60F00F58CAE /* Debug */ = {
			isa = XCBuildConfiguration;
			buildSettings = {
				ASSETCATALOG_COMPILER_APPICON_NAME = AppIcon;
				INFOPLIST_FILE = ExampleCharts/Info.plist;
				LD_RUNPATH_SEARCH_PATHS = "$(inherited) @executable_path/Frameworks";
				PRODUCT_BUNDLE_IDENTIFIER = com.highsoft.ExampleCharts;
				PRODUCT_NAME = "$(TARGET_NAME)";
			};
			name = Debug;
		};
		345A3A1F1C18C60F00F58CAE /* Release */ = {
			isa = XCBuildConfiguration;
			buildSettings = {
				ASSETCATALOG_COMPILER_APPICON_NAME = AppIcon;
				INFOPLIST_FILE = ExampleCharts/Info.plist;
				LD_RUNPATH_SEARCH_PATHS = "$(inherited) @executable_path/Frameworks";
				PRODUCT_BUNDLE_IDENTIFIER = com.highsoft.ExampleCharts;
				PRODUCT_NAME = "$(TARGET_NAME)";
			};
			name = Release;
		};
/* End XCBuildConfiguration section */

/* Begin XCConfigurationList section */
		345A3A011C18C60F00F58CAE /* Build configuration list for PBXProject "ExampleCharts" */ = {
			isa = XCConfigurationList;
			buildConfigurations = (
				345A3A1B1C18C60F00F58CAE /* Debug */,
				345A3A1C1C18C60F00F58CAE /* Release */,
			);
			defaultConfigurationIsVisible = 0;
			defaultConfigurationName = Release;
		};
		345A3A1D1C18C60F00F58CAE /* Build configuration list for PBXNativeTarget "ExampleCharts" */ = {
			isa = XCConfigurationList;
			buildConfigurations = (
				345A3A1E1C18C60F00F58CAE /* Debug */,
				345A3A1F1C18C60F00F58CAE /* Release */,
			);
			defaultConfigurationIsVisible = 0;
			defaultConfigurationName = Release;
		};
/* End XCConfigurationList section */
	};
	rootObject = 345A39FE1C18C60F00F58CAE /* Project object */;
}
