// !$*UTF8*$!
{
	archiveVersion = 1;
	classes = {
	};
	objectVersion = 46;
	objects = {

/* Begin PBXBuildFile section */
		3408AFC31C4FBAF700A37AF5 /* logo@2x.png in Resources */ = {isa = PBXBuildFile; fileRef = 3408AFC21C4FBAF700A37AF5 /* logo@2x.png */; };
		3408AFC91C4FDEFE00A37AF5 /* Demos.plist in Resources */ = {isa = PBXBuildFile; fileRef = 3408AFC81C4FDEFE00A37AF5 /* Demos.plist */; };
		3416D52E1C6808C600FD8DCB /* SynchronizedCharts.m in Sources */ = {isa = PBXBuildFile; fileRef = 3416D52D1C6808C600FD8DCB /* SynchronizedCharts.m */; };
		3416D5301C6809BA00FD8DCB /* SynchronizedCharts.js in Resources */ = {isa = PBXBuildFile; fileRef = 3416D52F1C6809BA00FD8DCB /* SynchronizedCharts.js */; };
		343E13A31C385287006DDD68 /* main.m in Sources */ = {isa = PBXBuildFile; fileRef = 343E13A21C385287006DDD68 /* main.m */; };
		343E13A61C385287006DDD68 /* AppDelegate.m in Sources */ = {isa = PBXBuildFile; fileRef = 343E13A51C385287006DDD68 /* AppDelegate.m */; };
		343E13A91C385287006DDD68 /* RootViewController.m in Sources */ = {isa = PBXBuildFile; fileRef = 343E13A81C385287006DDD68 /* RootViewController.m */; };
		343E13AE1C385287006DDD68 /* Assets.xcassets in Resources */ = {isa = PBXBuildFile; fileRef = 343E13AD1C385287006DDD68 /* Assets.xcassets */; };
		34662D8F1C67F07B008B0B5D /* Highcharts.framework in Frameworks */ = {isa = PBXBuildFile; fileRef = 34662D8C1C67F062008B0B5D /* Highcharts.framework */; };
		34662D901C67F07B008B0B5D /* Highcharts.framework in Embed Frameworks */ = {isa = PBXBuildFile; fileRef = 34662D8C1C67F062008B0B5D /* Highcharts.framework */; settings = {ATTRIBUTES = (CodeSignOnCopy, RemoveHeadersOnCopy, ); }; };
		3472749B1C5FFFD8007EEFAA /* LineBasic.m in Sources */ = {isa = PBXBuildFile; fileRef = 3472749A1C5FFFD8007EEFAA /* LineBasic.m */; };
		34A329A81C69227000AC09CB /* Default-568h@2x.png in Resources */ = {isa = PBXBuildFile; fileRef = 34A329A71C69227000AC09CB /* Default-568h@2x.png */; };
		34A329AC1C6925B700AC09CB /* Fabric.framework in Frameworks */ = {isa = PBXBuildFile; fileRef = 34A329AA1C6925B700AC09CB /* Fabric.framework */; };
		34A329AD1C6925B700AC09CB /* Crashlytics.framework in Frameworks */ = {isa = PBXBuildFile; fileRef = 34A329AB1C6925B700AC09CB /* Crashlytics.framework */; };
		34F13D2A1C4ED62100EE62CF /* ABCDemoViewController.m in Sources */ = {isa = PBXBuildFile; fileRef = 34F13D291C4ED62100EE62CF /* ABCDemoViewController.m */; };
/* End PBXBuildFile section */

/* Begin PBXContainerItemProxy section */
		34662D8B1C67F062008B0B5D /* PBXContainerItemProxy */ = {
			isa = PBXContainerItemProxy;
			containerPortal = 34662D871C67F062008B0B5D /* Highcharts.xcodeproj */;
			proxyType = 2;
			remoteGlobalIDString = 343E138A1C38513D006DDD68;
			remoteInfo = Highcharts;
		};
		34662D8D1C67F06D008B0B5D /* PBXContainerItemProxy */ = {
			isa = PBXContainerItemProxy;
			containerPortal = 34662D871C67F062008B0B5D /* Highcharts.xcodeproj */;
			proxyType = 1;
			remoteGlobalIDString = 343E13891C38513D006DDD68;
			remoteInfo = Highcharts;
		};
		34662D911C67F07B008B0B5D /* PBXContainerItemProxy */ = {
			isa = PBXContainerItemProxy;
			containerPortal = 34662D871C67F062008B0B5D /* Highcharts.xcodeproj */;
			proxyType = 1;
			remoteGlobalIDString = 343E13891C38513D006DDD68;
			remoteInfo = Highcharts;
		};
/* End PBXContainerItemProxy section */

/* Begin PBXCopyFilesBuildPhase section */
		34662D931C67F07B008B0B5D /* Embed Frameworks */ = {
			isa = PBXCopyFilesBuildPhase;
			buildActionMask = 2147483647;
			dstPath = "";
			dstSubfolderSpec = 10;
			files = (
				34662D901C67F07B008B0B5D /* Highcharts.framework in Embed Frameworks */,
			);
			name = "Embed Frameworks";
			runOnlyForDeploymentPostprocessing = 0;
		};
/* End PBXCopyFilesBuildPhase section */

/* Begin PBXFileReference section */
		3408AFC21C4FBAF700A37AF5 /* logo@2x.png */ = {isa = PBXFileReference; lastKnownFileType = image.png; name = "logo@2x.png"; path = "HighchartsDemo/logo@2x.png"; sourceTree = "<group>"; };
		3408AFC81C4FDEFE00A37AF5 /* Demos.plist */ = {isa = PBXFileReference; fileEncoding = 4; lastKnownFileType = text.plist.xml; name = Demos.plist; path = HighchartsDemo/Demos.plist; sourceTree = "<group>"; };
		3416D52C1C6808C600FD8DCB /* SynchronizedCharts.h */ = {isa = PBXFileReference; fileEncoding = 4; lastKnownFileType = sourcecode.c.h; path = SynchronizedCharts.h; sourceTree = "<group>"; };
		3416D52D1C6808C600FD8DCB /* SynchronizedCharts.m */ = {isa = PBXFileReference; fileEncoding = 4; lastKnownFileType = sourcecode.c.objc; path = SynchronizedCharts.m; sourceTree = "<group>"; };
		3416D52F1C6809BA00FD8DCB /* SynchronizedCharts.js */ = {isa = PBXFileReference; fileEncoding = 4; lastKnownFileType = sourcecode.javascript; name = SynchronizedCharts.js; path = HighchartsDemo/SynchronizedCharts.js; sourceTree = "<group>"; };
		343E139E1C385287006DDD68 /* HighchartsDemo.app */ = {isa = PBXFileReference; explicitFileType = wrapper.application; includeInIndex = 0; path = HighchartsDemo.app; sourceTree = BUILT_PRODUCTS_DIR; };
		343E13A21C385287006DDD68 /* main.m */ = {isa = PBXFileReference; lastKnownFileType = sourcecode.c.objc; path = main.m; sourceTree = "<group>"; };
		343E13A41C385287006DDD68 /* AppDelegate.h */ = {isa = PBXFileReference; lastKnownFileType = sourcecode.c.h; path = AppDelegate.h; sourceTree = "<group>"; };
		343E13A51C385287006DDD68 /* AppDelegate.m */ = {isa = PBXFileReference; lastKnownFileType = sourcecode.c.objc; path = AppDelegate.m; sourceTree = "<group>"; };
		343E13A71C385287006DDD68 /* RootViewController.h */ = {isa = PBXFileReference; lastKnownFileType = sourcecode.c.h; path = RootViewController.h; sourceTree = "<group>"; };
		343E13A81C385287006DDD68 /* RootViewController.m */ = {isa = PBXFileReference; lastKnownFileType = sourcecode.c.objc; path = RootViewController.m; sourceTree = "<group>"; };
		343E13AD1C385287006DDD68 /* Assets.xcassets */ = {isa = PBXFileReference; lastKnownFileType = folder.assetcatalog; path = Assets.xcassets; sourceTree = "<group>"; };
		343E13B21C385287006DDD68 /* Info.plist */ = {isa = PBXFileReference; lastKnownFileType = text.plist.xml; path = Info.plist; sourceTree = "<group>"; };
		34662D871C67F062008B0B5D /* Highcharts.xcodeproj */ = {isa = PBXFileReference; lastKnownFileType = "wrapper.pb-project"; name = Highcharts.xcodeproj; path = ../Highcharts/Highcharts.xcodeproj; sourceTree = "<group>"; };
		347274991C5FFFD8007EEFAA /* LineBasic.h */ = {isa = PBXFileReference; fileEncoding = 4; lastKnownFileType = sourcecode.c.h; path = LineBasic.h; sourceTree = "<group>"; };
		3472749A1C5FFFD8007EEFAA /* LineBasic.m */ = {isa = PBXFileReference; fileEncoding = 4; lastKnownFileType = sourcecode.c.objc; path = LineBasic.m; sourceTree = "<group>"; };
		34A329A71C69227000AC09CB /* Default-568h@2x.png */ = {isa = PBXFileReference; lastKnownFileType = image.png; path = "Default-568h@2x.png"; sourceTree = "<group>"; };
		34A329AA1C6925B700AC09CB /* Fabric.framework */ = {isa = PBXFileReference; lastKnownFileType = wrapper.framework; path = Fabric.framework; sourceTree = "<group>"; };
		34A329AB1C6925B700AC09CB /* Crashlytics.framework */ = {isa = PBXFileReference; lastKnownFileType = wrapper.framework; path = Crashlytics.framework; sourceTree = "<group>"; };
		34F13D281C4ED62100EE62CF /* ABCDemoViewController.h */ = {isa = PBXFileReference; fileEncoding = 4; lastKnownFileType = sourcecode.c.h; path = ABCDemoViewController.h; sourceTree = "<group>"; };
		34F13D291C4ED62100EE62CF /* ABCDemoViewController.m */ = {isa = PBXFileReference; fileEncoding = 4; lastKnownFileType = sourcecode.c.objc; path = ABCDemoViewController.m; sourceTree = "<group>"; };
/* End PBXFileReference section */

/* Begin PBXFrameworksBuildPhase section */
		343E139B1C385287006DDD68 /* Frameworks */ = {
			isa = PBXFrameworksBuildPhase;
			buildActionMask = 2147483647;
			files = (
				34662D8F1C67F07B008B0B5D /* Highcharts.framework in Frameworks */,
				34A329AD1C6925B700AC09CB /* Crashlytics.framework in Frameworks */,
				34A329AC1C6925B700AC09CB /* Fabric.framework in Frameworks */,
			);
			runOnlyForDeploymentPostprocessing = 0;
		};
/* End PBXFrameworksBuildPhase section */

/* Begin PBXGroup section */
		3408AFC11C4FAB4A00A37AF5 /* ABCDemoController */ = {
			isa = PBXGroup;
			children = (
				34F13D281C4ED62100EE62CF /* ABCDemoViewController.h */,
				34F13D291C4ED62100EE62CF /* ABCDemoViewController.m */,
			);
			name = ABCDemoController;
			sourceTree = "<group>";
		};
		3408AFC51C4FD9BB00A37AF5 /* Resources */ = {
			isa = PBXGroup;
			children = (
				3416D52F1C6809BA00FD8DCB /* SynchronizedCharts.js */,
				3408AFC21C4FBAF700A37AF5 /* logo@2x.png */,
				3408AFC81C4FDEFE00A37AF5 /* Demos.plist */,
			);
			name = Resources;
			sourceTree = "<group>";
		};
		341E87701C46E31C0053048C /* Frameworks */ = {
			isa = PBXGroup;
			children = (
				34A329AA1C6925B700AC09CB /* Fabric.framework */,
				34A329AB1C6925B700AC09CB /* Crashlytics.framework */,
			);
			name = Frameworks;
			sourceTree = "<group>";
		};
		343E13951C385287006DDD68 = {
			isa = PBXGroup;
			children = (
				34A329A71C69227000AC09CB /* Default-568h@2x.png */,
				34662D871C67F062008B0B5D /* Highcharts.xcodeproj */,
				3408AFC51C4FD9BB00A37AF5 /* Resources */,
				341E87701C46E31C0053048C /* Frameworks */,
				343E13A01C385287006DDD68 /* HighchartsDemo */,
				343E139F1C385287006DDD68 /* Products */,
			);
			sourceTree = "<group>";
		};
		343E139F1C385287006DDD68 /* Products */ = {
			isa = PBXGroup;
			children = (
				343E139E1C385287006DDD68 /* HighchartsDemo.app */,
			);
			name = Products;
			sourceTree = "<group>";
		};
		343E13A01C385287006DDD68 /* HighchartsDemo */ = {
			isa = PBXGroup;
			children = (
				347274981C5FFF9B007EEFAA /* Basic */,
				3408AFC11C4FAB4A00A37AF5 /* ABCDemoController */,
				343E13A11C385287006DDD68 /* Supporting Files */,
				343E13A41C385287006DDD68 /* AppDelegate.h */,
				343E13A51C385287006DDD68 /* AppDelegate.m */,
				343E13A71C385287006DDD68 /* RootViewController.h */,
				343E13A81C385287006DDD68 /* RootViewController.m */,
			);
			path = HighchartsDemo;
			sourceTree = "<group>";
		};
		343E13A11C385287006DDD68 /* Supporting Files */ = {
			isa = PBXGroup;
			children = (
				343E13AD1C385287006DDD68 /* Assets.xcassets */,
				343E13B21C385287006DDD68 /* Info.plist */,
				343E13A21C385287006DDD68 /* main.m */,
			);
			name = "Supporting Files";
			sourceTree = "<group>";
		};
		34662D881C67F062008B0B5D /* Products */ = {
			isa = PBXGroup;
			children = (
				34662D8C1C67F062008B0B5D /* Highcharts.framework */,
			);
			name = Products;
			sourceTree = "<group>";
		};
		347274981C5FFF9B007EEFAA /* Basic */ = {
			isa = PBXGroup;
			children = (
				347274991C5FFFD8007EEFAA /* LineBasic.h */,
				3472749A1C5FFFD8007EEFAA /* LineBasic.m */,
				3416D52C1C6808C600FD8DCB /* SynchronizedCharts.h */,
				3416D52D1C6808C600FD8DCB /* SynchronizedCharts.m */,
			);
			name = Basic;
			sourceTree = "<group>";
		};
/* End PBXGroup section */

/* Begin PBXNativeTarget section */
		343E139D1C385287006DDD68 /* HighchartsDemo */ = {
			isa = PBXNativeTarget;
			buildConfigurationList = 343E13B51C385287006DDD68 /* Build configuration list for PBXNativeTarget "HighchartsDemo" */;
			buildPhases = (
				343E139A1C385287006DDD68 /* Sources */,
				343E139B1C385287006DDD68 /* Frameworks */,
				343E139C1C385287006DDD68 /* Resources */,
				34662D931C67F07B008B0B5D /* Embed Frameworks */,
				34A329A91C69259F00AC09CB /* ShellScript */,
			);
			buildRules = (
			);
			dependencies = (
				34662D8E1C67F06D008B0B5D /* PBXTargetDependency */,
				34662D921C67F07B008B0B5D /* PBXTargetDependency */,
			);
			name = HighchartsDemo;
			productName = HighchartsDemo;
			productReference = 343E139E1C385287006DDD68 /* HighchartsDemo.app */;
			productType = "com.apple.product-type.application";
		};
/* End PBXNativeTarget section */

/* Begin PBXProject section */
		343E13961C385287006DDD68 /* Project object */ = {
			isa = PBXProject;
			attributes = {
				LastUpgradeCheck = 0710;
				ORGANIZATIONNAME = "Highsoft AS";
				TargetAttributes = {
					343E139D1C385287006DDD68 = {
						CreatedOnToolsVersion = 7.1;
					};
				};
			};
			buildConfigurationList = 343E13991C385287006DDD68 /* Build configuration list for PBXProject "HighchartsDemo" */;
			compatibilityVersion = "Xcode 3.2";
			developmentRegion = English;
			hasScannedForEncodings = 0;
			knownRegions = (
				en,
				Base,
			);
			mainGroup = 343E13951C385287006DDD68;
			productRefGroup = 343E139F1C385287006DDD68 /* Products */;
			projectDirPath = "";
			projectReferences = (
				{
					ProductGroup = 34662D881C67F062008B0B5D /* Products */;
					ProjectRef = 34662D871C67F062008B0B5D /* Highcharts.xcodeproj */;
				},
			);
			projectRoot = "";
			targets = (
				343E139D1C385287006DDD68 /* HighchartsDemo */,
			);
		};
/* End PBXProject section */

/* Begin PBXReferenceProxy section */
		34662D8C1C67F062008B0B5D /* Highcharts.framework */ = {
			isa = PBXReferenceProxy;
			fileType = wrapper.framework;
			path = Highcharts.framework;
			remoteRef = 34662D8B1C67F062008B0B5D /* PBXContainerItemProxy */;
			sourceTree = BUILT_PRODUCTS_DIR;
		};
/* End PBXReferenceProxy section */

/* Begin PBXResourcesBuildPhase section */
		343E139C1C385287006DDD68 /* Resources */ = {
			isa = PBXResourcesBuildPhase;
			buildActionMask = 2147483647;
			files = (
				343E13AE1C385287006DDD68 /* Assets.xcassets in Resources */,
				3416D5301C6809BA00FD8DCB /* SynchronizedCharts.js in Resources */,
				34A329A81C69227000AC09CB /* Default-568h@2x.png in Resources */,
				3408AFC91C4FDEFE00A37AF5 /* Demos.plist in Resources */,
				3408AFC31C4FBAF700A37AF5 /* logo@2x.png in Resources */,
			);
			runOnlyForDeploymentPostprocessing = 0;
		};
/* End PBXResourcesBuildPhase section */

/* Begin PBXShellScriptBuildPhase section */
		34A329A91C69259F00AC09CB /* ShellScript */ = {
			isa = PBXShellScriptBuildPhase;
			buildActionMask = 2147483647;
			files = (
			);
			inputPaths = (
			);
			outputPaths = (
			);
			runOnlyForDeploymentPostprocessing = 0;
			shellPath = /bin/sh;
			shellScript = "./Fabric.framework/run 4c50cb1a243de1a23211e3ab58b021cafe317453 c37c9c79d571f85dbdd9845c7a291f68c5e6fe0a3db3b6309202f29159d78fb8";
		};
/* End PBXShellScriptBuildPhase section */

/* Begin PBXSourcesBuildPhase section */
		343E139A1C385287006DDD68 /* Sources */ = {
			isa = PBXSourcesBuildPhase;
			buildActionMask = 2147483647;
			files = (
				343E13A91C385287006DDD68 /* RootViewController.m in Sources */,
				34F13D2A1C4ED62100EE62CF /* ABCDemoViewController.m in Sources */,
				3416D52E1C6808C600FD8DCB /* SynchronizedCharts.m in Sources */,
				343E13A61C385287006DDD68 /* AppDelegate.m in Sources */,
				3472749B1C5FFFD8007EEFAA /* LineBasic.m in Sources */,
				343E13A31C385287006DDD68 /* main.m in Sources */,
			);
			runOnlyForDeploymentPostprocessing = 0;
		};
/* End PBXSourcesBuildPhase section */

/* Begin PBXTargetDependency section */
		34662D8E1C67F06D008B0B5D /* PBXTargetDependency */ = {
			isa = PBXTargetDependency;
			name = Highcharts;
			targetProxy = 34662D8D1C67F06D008B0B5D /* PBXContainerItemProxy */;
		};
		34662D921C67F07B008B0B5D /* PBXTargetDependency */ = {
			isa = PBXTargetDependency;
			name = Highcharts;
			targetProxy = 34662D911C67F07B008B0B5D /* PBXContainerItemProxy */;
		};
/* End PBXTargetDependency section */

/* Begin XCBuildConfiguration section */
		343E13B31C385287006DDD68 /* Debug */ = {
			isa = XCBuildConfiguration;
			buildSettings = {
				ALWAYS_SEARCH_USER_PATHS = NO;
				CLANG_CXX_LANGUAGE_STANDARD = "gnu++0x";
				CLANG_CXX_LIBRARY = "libc++";
				CLANG_ENABLE_MODULES = YES;
				CLANG_ENABLE_OBJC_ARC = YES;
				CLANG_WARN_BOOL_CONVERSION = YES;
				CLANG_WARN_CONSTANT_CONVERSION = YES;
				CLANG_WARN_DIRECT_OBJC_ISA_USAGE = YES_ERROR;
				CLANG_WARN_EMPTY_BODY = YES;
				CLANG_WARN_ENUM_CONVERSION = YES;
				CLANG_WARN_INT_CONVERSION = YES;
				CLANG_WARN_OBJC_ROOT_CLASS = YES_ERROR;
				CLANG_WARN_UNREACHABLE_CODE = YES;
				CLANG_WARN__DUPLICATE_METHOD_MATCH = YES;
				"CODE_SIGN_IDENTITY[sdk=iphoneos*]" = "iPhone Developer";
				COPY_PHASE_STRIP = NO;
				DEBUG_INFORMATION_FORMAT = dwarf;
				ENABLE_STRICT_OBJC_MSGSEND = YES;
				ENABLE_TESTABILITY = YES;
				GCC_C_LANGUAGE_STANDARD = gnu99;
				GCC_DYNAMIC_NO_PIC = NO;
				GCC_NO_COMMON_BLOCKS = YES;
				GCC_OPTIMIZATION_LEVEL = 0;
				GCC_PREPROCESSOR_DEFINITIONS = (
					"DEBUG=1",
					"$(inherited)",
				);
				GCC_WARN_64_TO_32_BIT_CONVERSION = YES;
				GCC_WARN_ABOUT_RETURN_TYPE = YES_ERROR;
				GCC_WARN_UNDECLARED_SELECTOR = YES;
				GCC_WARN_UNINITIALIZED_AUTOS = YES_AGGRESSIVE;
				GCC_WARN_UNUSED_FUNCTION = YES;
				GCC_WARN_UNUSED_VARIABLE = YES;
				IPHONEOS_DEPLOYMENT_TARGET = 8.0;
				MTL_ENABLE_DEBUG_INFO = YES;
				ONLY_ACTIVE_ARCH = YES;
				SDKROOT = iphoneos;
				TARGETED_DEVICE_FAMILY = "1,2";
			};
			name = Debug;
		};
		343E13B41C385287006DDD68 /* Release */ = {
			isa = XCBuildConfiguration;
			buildSettings = {
				ALWAYS_SEARCH_USER_PATHS = NO;
				CLANG_CXX_LANGUAGE_STANDARD = "gnu++0x";
				CLANG_CXX_LIBRARY = "libc++";
				CLANG_ENABLE_MODULES = YES;
				CLANG_ENABLE_OBJC_ARC = YES;
				CLANG_WARN_BOOL_CONVERSION = YES;
				CLANG_WARN_CONSTANT_CONVERSION = YES;
				CLANG_WARN_DIRECT_OBJC_ISA_USAGE = YES_ERROR;
				CLANG_WARN_EMPTY_BODY = YES;
				CLANG_WARN_ENUM_CONVERSION = YES;
				CLANG_WARN_INT_CONVERSION = YES;
				CLANG_WARN_OBJC_ROOT_CLASS = YES_ERROR;
				CLANG_WARN_UNREACHABLE_CODE = YES;
				CLANG_WARN__DUPLICATE_METHOD_MATCH = YES;
				"CODE_SIGN_IDENTITY[sdk=iphoneos*]" = "iPhone Developer";
				COPY_PHASE_STRIP = NO;
				DEBUG_INFORMATION_FORMAT = "dwarf-with-dsym";
				ENABLE_NS_ASSERTIONS = NO;
				ENABLE_STRICT_OBJC_MSGSEND = YES;
				GCC_C_LANGUAGE_STANDARD = gnu99;
				GCC_NO_COMMON_BLOCKS = YES;
				GCC_WARN_64_TO_32_BIT_CONVERSION = YES;
				GCC_WARN_ABOUT_RETURN_TYPE = YES_ERROR;
				GCC_WARN_UNDECLARED_SELECTOR = YES;
				GCC_WARN_UNINITIALIZED_AUTOS = YES_AGGRESSIVE;
				GCC_WARN_UNUSED_FUNCTION = YES;
				GCC_WARN_UNUSED_VARIABLE = YES;
				IPHONEOS_DEPLOYMENT_TARGET = 8.0;
				MTL_ENABLE_DEBUG_INFO = NO;
				SDKROOT = iphoneos;
				TARGETED_DEVICE_FAMILY = "1,2";
				VALIDATE_PRODUCT = YES;
			};
			name = Release;
		};
		343E13B61C385287006DDD68 /* Debug */ = {
			isa = XCBuildConfiguration;
			buildSettings = {
				ASSETCATALOG_COMPILER_APPICON_NAME = AppIcon;
				CLANG_ALLOW_NON_MODULAR_INCLUDES_IN_FRAMEWORK_MODULES = NO;
				CODE_SIGN_IDENTITY = "iPhone Developer";
				FRAMEWORK_SEARCH_PATHS = (
					"$(inherited)",
					"$(PROJECT_DIR)",
				);
				INFOPLIST_FILE = HighchartsDemo/Info.plist;
				LD_RUNPATH_SEARCH_PATHS = "$(inherited) @executable_path/Frameworks";
				PRODUCT_BUNDLE_IDENTIFIER = com.highcharts.HighchartsDemo;
				PRODUCT_NAME = "$(TARGET_NAME)";
			};
			name = Debug;
		};
		343E13B71C385287006DDD68 /* Release */ = {
			isa = XCBuildConfiguration;
			buildSettings = {
				ASSETCATALOG_COMPILER_APPICON_NAME = AppIcon;
				CLANG_ALLOW_NON_MODULAR_INCLUDES_IN_FRAMEWORK_MODULES = NO;
				CODE_SIGN_IDENTITY = "iPhone Developer";
				FRAMEWORK_SEARCH_PATHS = (
					"$(inherited)",
					"$(PROJECT_DIR)",
				);
				INFOPLIST_FILE = HighchartsDemo/Info.plist;
				LD_RUNPATH_SEARCH_PATHS = "$(inherited) @executable_path/Frameworks";
				PRODUCT_BUNDLE_IDENTIFIER = com.highcharts.HighchartsDemo;
				PRODUCT_NAME = "$(TARGET_NAME)";
			};
			name = Release;
		};
/* End XCBuildConfiguration section */

/* Begin XCConfigurationList section */
		343E13991C385287006DDD68 /* Build configuration list for PBXProject "HighchartsDemo" */ = {
			isa = XCConfigurationList;
			buildConfigurations = (
				343E13B31C385287006DDD68 /* Debug */,
				343E13B41C385287006DDD68 /* Release */,
			);
			defaultConfigurationIsVisible = 0;
			defaultConfigurationName = Release;
		};
		343E13B51C385287006DDD68 /* Build configuration list for PBXNativeTarget "HighchartsDemo" */ = {
			isa = XCConfigurationList;
			buildConfigurations = (
				343E13B61C385287006DDD68 /* Debug */,
				343E13B71C385287006DDD68 /* Release */,
			);
			defaultConfigurationIsVisible = 0;
			defaultConfigurationName = Release;
		};
/* End XCConfigurationList section */
	};
	rootObject = 343E13961C385287006DDD68 /* Project object */;
}
